
Microsoft Visual Studio Solution File, Format Version 12.00
# Visual Studio 15
VisualStudioVersion = 15.0.26730.16
MinimumVisualStudioVersion = 10.0.40219.1
Project("{FAE04EC0-301F-11D3-BF4B-00C04F79EFBC}") = "ErrorHandlingMVC", "ErrorHandlingMVC\ErrorHandlingMVC.csproj", "{63DDFB5D-E34D-4836-9415-4503C26703B5}"
EndProject
Global
	GlobalSection(SolutionConfigurationPlatforms) = preSolution
		Debug|Any CPU = Debug|Any CPU
		Release|Any CPU = Release|Any CPU
	EndGlobalSection
	GlobalSection(ProjectConfigurationPlatforms) = postSolution
		{63DDFB5D-E34D-4836-9415-4503C26703B5}.Debug|Any CPU.ActiveCfg = Debug|Any CPU
		{63DDFB5D-E34D-4836-9415-4503C26703B5}.Debug|Any CPU.Build.0 = Debug|Any CPU
		{63DDFB5D-E34D-4836-9415-4503C26703B5}.Release|Any CPU.ActiveCfg = Release|Any CPU
		{63DDFB5D-E34D-4836-9415-4503C26703B5}.Release|Any CPU.Build.0 = Release|Any CPU
	EndGlobalSection
	GlobalSection(SolutionProperties) = preSolution
		HideSolutionNode = FALSE
	EndGlobalSection
	GlobalSection(ExtensibilityGlobals) = postSolution
		SolutionGuid = {C5088523-185A-410A-8BF6-A3E4C249D046}
	EndGlobalSection
EndGlobal
